
Microsoft Visual Studio Solution File, Format Version 12.00
# Visual Studio Version 16
VisualStudioVersion = 16.0.29306.81
MinimumVisualStudioVersion = 10.0.40219.1
Project("{FAE04EC0-301F-11D3-BF4B-00C04F79EFBC}") = "CapaPresentacion", "TECSystem\CapaPresentacion.csproj", "{A0CAA00B-AA82-4BB0-B437-1D7D012FB1DD}"
EndProject
Project("{FAE04EC0-301F-11D3-BF4B-00C04F79EFBC}") = "CapaDatos", "CapaDatos\CapaDatos.csproj", "{33517E51-9A3F-4BED-827A-B467606A7868}"
EndProject
Project("{FAE04EC0-301F-11D3-BF4B-00C04F79EFBC}") = "CapaNegocio", "CapaNegocio\CapaNegocio.csproj", "{44F1C562-7E44-4A93-A5FF-D3C0CFD67733}"
EndProject
Project("{2150E333-8FDC-42A3-9474-1A3956D46DE8}") = "BaseDeDatos", "BaseDeDatos", "{8780E6E0-A6FC-48B1-B548-EE5C0D870725}"
	ProjectSection(SolutionItems) = preProject
		BD241019.sql = BD241019.sql
		BD241119.sql = BD241119.sql
		BD261119MIGUEL.sql = BD261119MIGUEL.sql
		BD271119MIGUEL2.sql = BD271119MIGUEL2.sql
		BD281019.sql = BD281019.sql
		BD_JOINS.sql = BD_JOINS.sql
		BDTEC.sql = BDTEC.sql
		nuevaBD.sql = nuevaBD.sql
		Query241019.sql = Query241019.sql
	EndProjectSection
EndProject
Global
	GlobalSection(SolutionConfigurationPlatforms) = preSolution
		Debug|Any CPU = Debug|Any CPU
		Release|Any CPU = Release|Any CPU
	EndGlobalSection
	GlobalSection(ProjectConfigurationPlatforms) = postSolution
		{A0CAA00B-AA82-4BB0-B437-1D7D012FB1DD}.Debug|Any CPU.ActiveCfg = Debug|Any CPU
		{A0CAA00B-AA82-4BB0-B437-1D7D012FB1DD}.Debug|Any CPU.Build.0 = Debug|Any CPU
		{A0CAA00B-AA82-4BB0-B437-1D7D012FB1DD}.Release|Any CPU.ActiveCfg = Release|Any CPU
		{A0CAA00B-AA82-4BB0-B437-1D7D012FB1DD}.Release|Any CPU.Build.0 = Release|Any CPU
		{33517E51-9A3F-4BED-827A-B467606A7868}.Debug|Any CPU.ActiveCfg = Debug|Any CPU
		{33517E51-9A3F-4BED-827A-B467606A7868}.Debug|Any CPU.Build.0 = Debug|Any CPU
		{33517E51-9A3F-4BED-827A-B467606A7868}.Release|Any CPU.ActiveCfg = Release|Any CPU
		{33517E51-9A3F-4BED-827A-B467606A7868}.Release|Any CPU.Build.0 = Release|Any CPU
		{44F1C562-7E44-4A93-A5FF-D3C0CFD67733}.Debug|Any CPU.ActiveCfg = Debug|Any CPU
		{44F1C562-7E44-4A93-A5FF-D3C0CFD67733}.Debug|Any CPU.Build.0 = Debug|Any CPU
		{44F1C562-7E44-4A93-A5FF-D3C0CFD67733}.Release|Any CPU.ActiveCfg = Release|Any CPU
		{44F1C562-7E44-4A93-A5FF-D3C0CFD67733}.Release|Any CPU.Build.0 = Release|Any CPU
	EndGlobalSection
	GlobalSection(SolutionProperties) = preSolution
		HideSolutionNode = FALSE
	EndGlobalSection
	GlobalSection(ExtensibilityGlobals) = postSolution
		SolutionGuid = {F83F9F71-06D7-41E6-ADD2-624AEE7BCB05}
	EndGlobalSection
EndGlobal
